
Microsoft Visual Studio Solution File, Format Version 12.00
# Visual Studio Version 17
VisualStudioVersion = 17.4.33205.214
MinimumVisualStudioVersion = 10.0.40219.1
Project("{FAE04EC0-301F-11D3-BF4B-00C04F79EFBC}") = "Project-X", "Project-X\Project-X.csproj", "{4872E8C5-28F5-47D4-A841-0CEA0B2E5CF3}"
EndProject
Global
	GlobalSection(SolutionConfigurationPlatforms) = preSolution
		Debug|Any CPU = Debug|Any CPU
		Release|Any CPU = Release|Any CPU
	EndGlobalSection
	GlobalSection(ProjectConfigurationPlatforms) = postSolution
		{4872E8C5-28F5-47D4-A841-0CEA0B2E5CF3}.Debug|Any CPU.ActiveCfg = Debug|Any CPU
		{4872E8C5-28F5-47D4-A841-0CEA0B2E5CF3}.Debug|Any CPU.Build.0 = Debug|Any CPU
		{4872E8C5-28F5-47D4-A841-0CEA0B2E5CF3}.Release|Any CPU.ActiveCfg = Release|Any CPU
		{4872E8C5-28F5-47D4-A841-0CEA0B2E5CF3}.Release|Any CPU.Build.0 = Release|Any CPU
	EndGlobalSection
	GlobalSection(SolutionProperties) = preSolution
		HideSolutionNode = FALSE
	EndGlobalSection
	GlobalSection(ExtensibilityGlobals) = postSolution
		SolutionGuid = {27FA373B-6A1A-44F8-BC90-024B9F6F9447}
	EndGlobalSection
EndGlobal
